
Microsoft Visual Studio Solution File, Format Version 12.00
# Visual Studio Version 17
VisualStudioVersion = 17.14.36301.6 d17.14
MinimumVisualStudioVersion = 10.0.40219.1
Project("{FAE04EC0-301F-11D3-BF4B-00C04F79EFBC}") = "LogicApp", "LogicApp\LogicApp.csproj", "{52B2AD9F-0297-49AC-BB1A-4B46926659B1}"
EndProject
Global
	GlobalSection(SolutionConfigurationPlatforms) = preSolution
		Debug|Any CPU = Debug|Any CPU
		Release|Any CPU = Release|Any CPU
	EndGlobalSection
	GlobalSection(ProjectConfigurationPlatforms) = postSolution
		{52B2AD9F-0297-49AC-BB1A-4B46926659B1}.Debug|Any CPU.ActiveCfg = Debug|Any CPU
		{52B2AD9F-0297-49AC-BB1A-4B46926659B1}.Debug|Any CPU.Build.0 = Debug|Any CPU
		{52B2AD9F-0297-49AC-BB1A-4B46926659B1}.Release|Any CPU.ActiveCfg = Release|Any CPU
		{52B2AD9F-0297-49AC-BB1A-4B46926659B1}.Release|Any CPU.Build.0 = Release|Any CPU
	EndGlobalSection
	GlobalSection(SolutionProperties) = preSolution
		HideSolutionNode = FALSE
	EndGlobalSection
	GlobalSection(ExtensibilityGlobals) = postSolution
		SolutionGuid = {EC5BBD97-68E5-4E02-A6BC-5F6146EBD519}
	EndGlobalSection
EndGlobal
