
Microsoft Visual Studio Solution File, Format Version 12.00
# Visual Studio Version 17
VisualStudioVersion = 17.14.36930.0 d17.14
MinimumVisualStudioVersion = 10.0.40219.1
Project("{FAE04EC0-301F-11D3-BF4B-00C04F79EFBC}") = "ThreadStartAndEndCompletion", "ThreadStartAndEndCompletion\ThreadStartAndEndCompletion.csproj", "{9BE676B1-5C9A-4E48-8AE3-8CE5866CEF57}"
EndProject
Global
	GlobalSection(SolutionConfigurationPlatforms) = preSolution
		Debug|Any CPU = Debug|Any CPU
		Release|Any CPU = Release|Any CPU
	EndGlobalSection
	GlobalSection(ProjectConfigurationPlatforms) = postSolution
		{9BE676B1-5C9A-4E48-8AE3-8CE5866CEF57}.Debug|Any CPU.ActiveCfg = Debug|Any CPU
		{9BE676B1-5C9A-4E48-8AE3-8CE5866CEF57}.Debug|Any CPU.Build.0 = Debug|Any CPU
		{9BE676B1-5C9A-4E48-8AE3-8CE5866CEF57}.Release|Any CPU.ActiveCfg = Release|Any CPU
		{9BE676B1-5C9A-4E48-8AE3-8CE5866CEF57}.Release|Any CPU.Build.0 = Release|Any CPU
	EndGlobalSection
	GlobalSection(SolutionProperties) = preSolution
		HideSolutionNode = FALSE
	EndGlobalSection
	GlobalSection(ExtensibilityGlobals) = postSolution
		SolutionGuid = {143387C6-E7C9-45D2-AD35-B1424884BF8D}
	EndGlobalSection
EndGlobal
