
Microsoft Visual Studio Solution File, Format Version 12.00
# Visual Studio Version 17
VisualStudioVersion = 17.14.36301.6 d17.14
MinimumVisualStudioVersion = 10.0.40219.1
Project("{FAE04EC0-301F-11D3-BF4B-00C04F79EFBC}") = "OperatorsAndOrderOfEvaluation", "OperatorsAndOrderOfEvaluation\OperatorsAndOrderOfEvaluation.csproj", "{D59C347A-4916-4692-B639-054379514CAD}"
EndProject
Global
	GlobalSection(SolutionConfigurationPlatforms) = preSolution
		Debug|Any CPU = Debug|Any CPU
		Release|Any CPU = Release|Any CPU
	EndGlobalSection
	GlobalSection(ProjectConfigurationPlatforms) = postSolution
		{D59C347A-4916-4692-B639-054379514CAD}.Debug|Any CPU.ActiveCfg = Debug|Any CPU
		{D59C347A-4916-4692-B639-054379514CAD}.Debug|Any CPU.Build.0 = Debug|Any CPU
		{D59C347A-4916-4692-B639-054379514CAD}.Release|Any CPU.ActiveCfg = Release|Any CPU
		{D59C347A-4916-4692-B639-054379514CAD}.Release|Any CPU.Build.0 = Release|Any CPU
	EndGlobalSection
	GlobalSection(SolutionProperties) = preSolution
		HideSolutionNode = FALSE
	EndGlobalSection
	GlobalSection(ExtensibilityGlobals) = postSolution
		SolutionGuid = {DA891E1B-6492-4562-BF34-6D6C6ACF8AC7}
	EndGlobalSection
EndGlobal
