
Microsoft Visual Studio Solution File, Format Version 12.00
# Visual Studio Version 17
VisualStudioVersion = 17.14.36414.22 d17.14
MinimumVisualStudioVersion = 10.0.40219.1
Project("{FAE04EC0-301F-11D3-BF4B-00C04F79EFBC}") = "EventsAppOne", "EventsAppOne\EventsAppOne.csproj", "{F6C94C73-B84E-45E4-BA85-55279C7AFD0E}"
EndProject
Global
	GlobalSection(SolutionConfigurationPlatforms) = preSolution
		Debug|Any CPU = Debug|Any CPU
		Release|Any CPU = Release|Any CPU
	EndGlobalSection
	GlobalSection(ProjectConfigurationPlatforms) = postSolution
		{F6C94C73-B84E-45E4-BA85-55279C7AFD0E}.Debug|Any CPU.ActiveCfg = Debug|Any CPU
		{F6C94C73-B84E-45E4-BA85-55279C7AFD0E}.Debug|Any CPU.Build.0 = Debug|Any CPU
		{F6C94C73-B84E-45E4-BA85-55279C7AFD0E}.Release|Any CPU.ActiveCfg = Release|Any CPU
		{F6C94C73-B84E-45E4-BA85-55279C7AFD0E}.Release|Any CPU.Build.0 = Release|Any CPU
	EndGlobalSection
	GlobalSection(SolutionProperties) = preSolution
		HideSolutionNode = FALSE
	EndGlobalSection
	GlobalSection(ExtensibilityGlobals) = postSolution
		SolutionGuid = {3480DC54-2508-4E5D-8A8C-E3F86DED5ACC}
	EndGlobalSection
EndGlobal
