
Microsoft Visual Studio Solution File, Format Version 12.00
# Visual Studio Version 17
VisualStudioVersion = 17.14.36301.6 d17.14
MinimumVisualStudioVersion = 10.0.40219.1
Project("{FAE04EC0-301F-11D3-BF4B-00C04F79EFBC}") = "QuizApp", "QuizApp\QuizApp.csproj", "{7E88A2C3-0552-4BCF-8BBF-6999E47ED81B}"
EndProject
Global
	GlobalSection(SolutionConfigurationPlatforms) = preSolution
		Debug|Any CPU = Debug|Any CPU
		Release|Any CPU = Release|Any CPU
	EndGlobalSection
	GlobalSection(ProjectConfigurationPlatforms) = postSolution
		{7E88A2C3-0552-4BCF-8BBF-6999E47ED81B}.Debug|Any CPU.ActiveCfg = Debug|Any CPU
		{7E88A2C3-0552-4BCF-8BBF-6999E47ED81B}.Debug|Any CPU.Build.0 = Debug|Any CPU
		{7E88A2C3-0552-4BCF-8BBF-6999E47ED81B}.Release|Any CPU.ActiveCfg = Release|Any CPU
		{7E88A2C3-0552-4BCF-8BBF-6999E47ED81B}.Release|Any CPU.Build.0 = Release|Any CPU
	EndGlobalSection
	GlobalSection(SolutionProperties) = preSolution
		HideSolutionNode = FALSE
	EndGlobalSection
	GlobalSection(ExtensibilityGlobals) = postSolution
		SolutionGuid = {95F3B49D-6E35-49A2-B38F-287164DD0D4A}
	EndGlobalSection
EndGlobal
