
Microsoft Visual Studio Solution File, Format Version 12.00
# Visual Studio Version 17
VisualStudioVersion = 17.14.36301.6 d17.14
MinimumVisualStudioVersion = 10.0.40219.1
Project("{FAE04EC0-301F-11D3-BF4B-00C04F79EFBC}") = "GuessTheNumber", "GuessTheNumber\GuessTheNumber.csproj", "{791D7C61-328D-477D-B6B6-5EBA6136C81B}"
EndProject
Global
	GlobalSection(SolutionConfigurationPlatforms) = preSolution
		Debug|Any CPU = Debug|Any CPU
		Release|Any CPU = Release|Any CPU
	EndGlobalSection
	GlobalSection(ProjectConfigurationPlatforms) = postSolution
		{791D7C61-328D-477D-B6B6-5EBA6136C81B}.Debug|Any CPU.ActiveCfg = Debug|Any CPU
		{791D7C61-328D-477D-B6B6-5EBA6136C81B}.Debug|Any CPU.Build.0 = Debug|Any CPU
		{791D7C61-328D-477D-B6B6-5EBA6136C81B}.Release|Any CPU.ActiveCfg = Release|Any CPU
		{791D7C61-328D-477D-B6B6-5EBA6136C81B}.Release|Any CPU.Build.0 = Release|Any CPU
	EndGlobalSection
	GlobalSection(SolutionProperties) = preSolution
		HideSolutionNode = FALSE
	EndGlobalSection
	GlobalSection(ExtensibilityGlobals) = postSolution
		SolutionGuid = {7E893BA0-4BFA-4F2E-B732-456C2219098C}
	EndGlobalSection
EndGlobal
