
Microsoft Visual Studio Solution File, Format Version 12.00
# Visual Studio Version 17
VisualStudioVersion = 17.14.36301.6 d17.14
MinimumVisualStudioVersion = 10.0.40219.1
Project("{FAE04EC0-301F-11D3-BF4B-00C04F79EFBC}") = "HelloWorld", "HelloWorld\HelloWorld.csproj", "{ACA6E3E2-84A9-498F-A6B0-6839CE8692DD}"
EndProject
Global
	GlobalSection(SolutionConfigurationPlatforms) = preSolution
		Debug|Any CPU = Debug|Any CPU
		Release|Any CPU = Release|Any CPU
	EndGlobalSection
	GlobalSection(ProjectConfigurationPlatforms) = postSolution
		{ACA6E3E2-84A9-498F-A6B0-6839CE8692DD}.Debug|Any CPU.ActiveCfg = Debug|Any CPU
		{ACA6E3E2-84A9-498F-A6B0-6839CE8692DD}.Debug|Any CPU.Build.0 = Debug|Any CPU
		{ACA6E3E2-84A9-498F-A6B0-6839CE8692DD}.Release|Any CPU.ActiveCfg = Release|Any CPU
		{ACA6E3E2-84A9-498F-A6B0-6839CE8692DD}.Release|Any CPU.Build.0 = Release|Any CPU
	EndGlobalSection
	GlobalSection(SolutionProperties) = preSolution
		HideSolutionNode = FALSE
	EndGlobalSection
	GlobalSection(ExtensibilityGlobals) = postSolution
		SolutionGuid = {35E6842D-2C05-4931-AEA6-41DB557BD0AC}
	EndGlobalSection
EndGlobal
