
Microsoft Visual Studio Solution File, Format Version 12.00
# Visual Studio Version 17
VisualStudioVersion = 17.14.36414.22 d17.14
MinimumVisualStudioVersion = 10.0.40219.1
Project("{FAE04EC0-301F-11D3-BF4B-00C04F79EFBC}") = "StructsApp", "StructsApp\StructsApp.csproj", "{CED8A647-A5FF-42A5-A731-53E41BC6C66B}"
EndProject
Global
	GlobalSection(SolutionConfigurationPlatforms) = preSolution
		Debug|Any CPU = Debug|Any CPU
		Release|Any CPU = Release|Any CPU
	EndGlobalSection
	GlobalSection(ProjectConfigurationPlatforms) = postSolution
		{CED8A647-A5FF-42A5-A731-53E41BC6C66B}.Debug|Any CPU.ActiveCfg = Debug|Any CPU
		{CED8A647-A5FF-42A5-A731-53E41BC6C66B}.Debug|Any CPU.Build.0 = Debug|Any CPU
		{CED8A647-A5FF-42A5-A731-53E41BC6C66B}.Release|Any CPU.ActiveCfg = Release|Any CPU
		{CED8A647-A5FF-42A5-A731-53E41BC6C66B}.Release|Any CPU.Build.0 = Release|Any CPU
	EndGlobalSection
	GlobalSection(SolutionProperties) = preSolution
		HideSolutionNode = FALSE
	EndGlobalSection
	GlobalSection(ExtensibilityGlobals) = postSolution
		SolutionGuid = {7722CFE8-2665-45EC-843F-87C8B537DB60}
	EndGlobalSection
EndGlobal
