
Microsoft Visual Studio Solution File, Format Version 12.00
# Visual Studio Version 17
VisualStudioVersion = 17.14.36301.6 d17.14
MinimumVisualStudioVersion = 10.0.40219.1
Project("{FAE04EC0-301F-11D3-BF4B-00C04F79EFBC}") = "Arrays", "Arrays\Arrays.csproj", "{B14A49E7-9BBE-4F3C-B890-F2EFCADC2A1D}"
EndProject
Global
	GlobalSection(SolutionConfigurationPlatforms) = preSolution
		Debug|Any CPU = Debug|Any CPU
		Release|Any CPU = Release|Any CPU
	EndGlobalSection
	GlobalSection(ProjectConfigurationPlatforms) = postSolution
		{B14A49E7-9BBE-4F3C-B890-F2EFCADC2A1D}.Debug|Any CPU.ActiveCfg = Debug|Any CPU
		{B14A49E7-9BBE-4F3C-B890-F2EFCADC2A1D}.Debug|Any CPU.Build.0 = Debug|Any CPU
		{B14A49E7-9BBE-4F3C-B890-F2EFCADC2A1D}.Release|Any CPU.ActiveCfg = Release|Any CPU
		{B14A49E7-9BBE-4F3C-B890-F2EFCADC2A1D}.Release|Any CPU.Build.0 = Release|Any CPU
	EndGlobalSection
	GlobalSection(SolutionProperties) = preSolution
		HideSolutionNode = FALSE
	EndGlobalSection
	GlobalSection(ExtensibilityGlobals) = postSolution
		SolutionGuid = {C74FC87F-8CB1-49E7-B51A-4CCD61EF63BC}
	EndGlobalSection
EndGlobal
