
Microsoft Visual Studio Solution File, Format Version 12.00
# Visual Studio Version 17
VisualStudioVersion = 17.14.37012.4 d17.14
MinimumVisualStudioVersion = 10.0.40219.1
Project("{FAE04EC0-301F-11D3-BF4B-00C04F79EFBC}") = "ConstraintsForGenericMethods", "ConstraintsForGenericMethods\ConstraintsForGenericMethods.csproj", "{ADED524F-8925-4614-A6E5-28642C139273}"
EndProject
Global
	GlobalSection(SolutionConfigurationPlatforms) = preSolution
		Debug|Any CPU = Debug|Any CPU
		Release|Any CPU = Release|Any CPU
	EndGlobalSection
	GlobalSection(ProjectConfigurationPlatforms) = postSolution
		{ADED524F-8925-4614-A6E5-28642C139273}.Debug|Any CPU.ActiveCfg = Debug|Any CPU
		{ADED524F-8925-4614-A6E5-28642C139273}.Debug|Any CPU.Build.0 = Debug|Any CPU
		{ADED524F-8925-4614-A6E5-28642C139273}.Release|Any CPU.ActiveCfg = Release|Any CPU
		{ADED524F-8925-4614-A6E5-28642C139273}.Release|Any CPU.Build.0 = Release|Any CPU
	EndGlobalSection
	GlobalSection(SolutionProperties) = preSolution
		HideSolutionNode = FALSE
	EndGlobalSection
	GlobalSection(ExtensibilityGlobals) = postSolution
		SolutionGuid = {FA6A1C92-77ED-4848-88E2-46511600AFB6}
	EndGlobalSection
EndGlobal
