
Microsoft Visual Studio Solution File, Format Version 12.00
# Visual Studio Version 17
VisualStudioVersion = 17.14.36301.6 d17.14
MinimumVisualStudioVersion = 10.0.40219.1
Project("{FAE04EC0-301F-11D3-BF4B-00C04F79EFBC}") = "LandingARocket", "LandingARocket\LandingARocket.csproj", "{FA2049D8-D7DA-4D82-B9C8-2DAB7FFB9C80}"
EndProject
Global
	GlobalSection(SolutionConfigurationPlatforms) = preSolution
		Debug|Any CPU = Debug|Any CPU
		Release|Any CPU = Release|Any CPU
	EndGlobalSection
	GlobalSection(ProjectConfigurationPlatforms) = postSolution
		{FA2049D8-D7DA-4D82-B9C8-2DAB7FFB9C80}.Debug|Any CPU.ActiveCfg = Debug|Any CPU
		{FA2049D8-D7DA-4D82-B9C8-2DAB7FFB9C80}.Debug|Any CPU.Build.0 = Debug|Any CPU
		{FA2049D8-D7DA-4D82-B9C8-2DAB7FFB9C80}.Release|Any CPU.ActiveCfg = Release|Any CPU
		{FA2049D8-D7DA-4D82-B9C8-2DAB7FFB9C80}.Release|Any CPU.Build.0 = Release|Any CPU
	EndGlobalSection
	GlobalSection(SolutionProperties) = preSolution
		HideSolutionNode = FALSE
	EndGlobalSection
	GlobalSection(ExtensibilityGlobals) = postSolution
		SolutionGuid = {FA1FD39A-F4D3-4589-A4E0-5D9710F418CE}
	EndGlobalSection
EndGlobal
