
Microsoft Visual Studio Solution File, Format Version 12.00
# Visual Studio Version 17
VisualStudioVersion = 17.14.36221.1 d17.14
MinimumVisualStudioVersion = 10.0.40219.1
Project("{FAE04EC0-301F-11D3-BF4B-00C04F79EFBC}") = "DictionariesOne", "DictionariesOne\DictionariesOne.csproj", "{89C527FF-0B02-4C7B-80D3-5D580C0CC25D}"
EndProject
Global
	GlobalSection(SolutionConfigurationPlatforms) = preSolution
		Debug|Any CPU = Debug|Any CPU
		Release|Any CPU = Release|Any CPU
	EndGlobalSection
	GlobalSection(ProjectConfigurationPlatforms) = postSolution
		{89C527FF-0B02-4C7B-80D3-5D580C0CC25D}.Debug|Any CPU.ActiveCfg = Debug|Any CPU
		{89C527FF-0B02-4C7B-80D3-5D580C0CC25D}.Debug|Any CPU.Build.0 = Debug|Any CPU
		{89C527FF-0B02-4C7B-80D3-5D580C0CC25D}.Release|Any CPU.ActiveCfg = Release|Any CPU
		{89C527FF-0B02-4C7B-80D3-5D580C0CC25D}.Release|Any CPU.Build.0 = Release|Any CPU
	EndGlobalSection
	GlobalSection(SolutionProperties) = preSolution
		HideSolutionNode = FALSE
	EndGlobalSection
	GlobalSection(ExtensibilityGlobals) = postSolution
		SolutionGuid = {FBF6C2CA-DE09-4071-B570-04ECF76DFFF0}
	EndGlobalSection
EndGlobal
