
Microsoft Visual Studio Solution File, Format Version 12.00
# Visual Studio Version 17
VisualStudioVersion = 17.14.36221.1 d17.14
MinimumVisualStudioVersion = 10.0.40219.1
Project("{FAE04EC0-301F-11D3-BF4B-00C04F79EFBC}") = "ListsApp", "ListsApp\ListsApp.csproj", "{21F98961-DAE4-49B4-A366-4BAA444FE7B4}"
EndProject
Global
	GlobalSection(SolutionConfigurationPlatforms) = preSolution
		Debug|Any CPU = Debug|Any CPU
		Release|Any CPU = Release|Any CPU
	EndGlobalSection
	GlobalSection(ProjectConfigurationPlatforms) = postSolution
		{21F98961-DAE4-49B4-A366-4BAA444FE7B4}.Debug|Any CPU.ActiveCfg = Debug|Any CPU
		{21F98961-DAE4-49B4-A366-4BAA444FE7B4}.Debug|Any CPU.Build.0 = Debug|Any CPU
		{21F98961-DAE4-49B4-A366-4BAA444FE7B4}.Release|Any CPU.ActiveCfg = Release|Any CPU
		{21F98961-DAE4-49B4-A366-4BAA444FE7B4}.Release|Any CPU.Build.0 = Release|Any CPU
	EndGlobalSection
	GlobalSection(SolutionProperties) = preSolution
		HideSolutionNode = FALSE
	EndGlobalSection
	GlobalSection(ExtensibilityGlobals) = postSolution
		SolutionGuid = {C7171877-166E-43D9-B160-D83B383E370F}
	EndGlobalSection
EndGlobal
