
Microsoft Visual Studio Solution File, Format Version 12.00
# Visual Studio Version 17
VisualStudioVersion = 17.14.36301.6 d17.14
MinimumVisualStudioVersion = 10.0.40219.1
Project("{FAE04EC0-301F-11D3-BF4B-00C04F79EFBC}") = "VoidMethodWithParameter", "VoidMethodWithParameter\VoidMethodWithParameter.csproj", "{3293254F-8D04-415B-8710-3E52B443B21C}"
EndProject
Global
	GlobalSection(SolutionConfigurationPlatforms) = preSolution
		Debug|Any CPU = Debug|Any CPU
		Release|Any CPU = Release|Any CPU
	EndGlobalSection
	GlobalSection(ProjectConfigurationPlatforms) = postSolution
		{3293254F-8D04-415B-8710-3E52B443B21C}.Debug|Any CPU.ActiveCfg = Debug|Any CPU
		{3293254F-8D04-415B-8710-3E52B443B21C}.Debug|Any CPU.Build.0 = Debug|Any CPU
		{3293254F-8D04-415B-8710-3E52B443B21C}.Release|Any CPU.ActiveCfg = Release|Any CPU
		{3293254F-8D04-415B-8710-3E52B443B21C}.Release|Any CPU.Build.0 = Release|Any CPU
	EndGlobalSection
	GlobalSection(SolutionProperties) = preSolution
		HideSolutionNode = FALSE
	EndGlobalSection
	GlobalSection(ExtensibilityGlobals) = postSolution
		SolutionGuid = {42C80024-7730-4420-B7F7-FCC376E87B63}
	EndGlobalSection
EndGlobal
