
Microsoft Visual Studio Solution File, Format Version 12.00
# Visual Studio Version 17
VisualStudioVersion = 17.14.36221.1 d17.14
MinimumVisualStudioVersion = 10.0.40219.1
Project("{FAE04EC0-301F-11D3-BF4B-00C04F79EFBC}") = "ThrowKeyword", "ThrowKeyword\ThrowKeyword.csproj", "{BCF6F937-8110-4856-9AAE-11BD470C8055}"
EndProject
Global
	GlobalSection(SolutionConfigurationPlatforms) = preSolution
		Debug|Any CPU = Debug|Any CPU
		Release|Any CPU = Release|Any CPU
	EndGlobalSection
	GlobalSection(ProjectConfigurationPlatforms) = postSolution
		{BCF6F937-8110-4856-9AAE-11BD470C8055}.Debug|Any CPU.ActiveCfg = Debug|Any CPU
		{BCF6F937-8110-4856-9AAE-11BD470C8055}.Debug|Any CPU.Build.0 = Debug|Any CPU
		{BCF6F937-8110-4856-9AAE-11BD470C8055}.Release|Any CPU.ActiveCfg = Release|Any CPU
		{BCF6F937-8110-4856-9AAE-11BD470C8055}.Release|Any CPU.Build.0 = Release|Any CPU
	EndGlobalSection
	GlobalSection(SolutionProperties) = preSolution
		HideSolutionNode = FALSE
	EndGlobalSection
	GlobalSection(ExtensibilityGlobals) = postSolution
		SolutionGuid = {EC753814-A622-419D-AB1C-22B321F7F534}
	EndGlobalSection
EndGlobal
