
Microsoft Visual Studio Solution File, Format Version 12.00
# Visual Studio Version 17
VisualStudioVersion = 17.14.36301.6 d17.14
MinimumVisualStudioVersion = 10.0.40219.1
Project("{FAE04EC0-301F-11D3-BF4B-00C04F79EFBC}") = "BuildingACondiCal", "BuildingACondiCal\BuildingACondiCal.csproj", "{63229AAF-FC66-4CC2-83BA-04FEB1EEE3CC}"
EndProject
Global
	GlobalSection(SolutionConfigurationPlatforms) = preSolution
		Debug|Any CPU = Debug|Any CPU
		Release|Any CPU = Release|Any CPU
	EndGlobalSection
	GlobalSection(ProjectConfigurationPlatforms) = postSolution
		{63229AAF-FC66-4CC2-83BA-04FEB1EEE3CC}.Debug|Any CPU.ActiveCfg = Debug|Any CPU
		{63229AAF-FC66-4CC2-83BA-04FEB1EEE3CC}.Debug|Any CPU.Build.0 = Debug|Any CPU
		{63229AAF-FC66-4CC2-83BA-04FEB1EEE3CC}.Release|Any CPU.ActiveCfg = Release|Any CPU
		{63229AAF-FC66-4CC2-83BA-04FEB1EEE3CC}.Release|Any CPU.Build.0 = Release|Any CPU
	EndGlobalSection
	GlobalSection(SolutionProperties) = preSolution
		HideSolutionNode = FALSE
	EndGlobalSection
	GlobalSection(ExtensibilityGlobals) = postSolution
		SolutionGuid = {3108EE31-7D0B-43F0-8715-82019BD0FF7E}
	EndGlobalSection
EndGlobal
