
Microsoft Visual Studio Solution File, Format Version 12.00
# Visual Studio Version 17
VisualStudioVersion = 17.14.36414.22 d17.14
MinimumVisualStudioVersion = 10.0.40219.1
Project("{FAE04EC0-301F-11D3-BF4B-00C04F79EFBC}") = "DelegatesAndEventsTwo", "DelegatesAndEventsTwo\DelegatesAndEventsTwo.csproj", "{4A204795-6CC7-469D-BE82-36F0ACB09408}"
EndProject
Global
	GlobalSection(SolutionConfigurationPlatforms) = preSolution
		Debug|Any CPU = Debug|Any CPU
		Release|Any CPU = Release|Any CPU
	EndGlobalSection
	GlobalSection(ProjectConfigurationPlatforms) = postSolution
		{4A204795-6CC7-469D-BE82-36F0ACB09408}.Debug|Any CPU.ActiveCfg = Debug|Any CPU
		{4A204795-6CC7-469D-BE82-36F0ACB09408}.Debug|Any CPU.Build.0 = Debug|Any CPU
		{4A204795-6CC7-469D-BE82-36F0ACB09408}.Release|Any CPU.ActiveCfg = Release|Any CPU
		{4A204795-6CC7-469D-BE82-36F0ACB09408}.Release|Any CPU.Build.0 = Release|Any CPU
	EndGlobalSection
	GlobalSection(SolutionProperties) = preSolution
		HideSolutionNode = FALSE
	EndGlobalSection
	GlobalSection(ExtensibilityGlobals) = postSolution
		SolutionGuid = {2F858B56-F4E2-46D6-89F4-98A83C97BB81}
	EndGlobalSection
EndGlobal
